# This file is autogenerated, do not edit; changes may be undone by the next 'dep ensure'.


[[projects]]
  branch = "master"
  name = "github.com/AdamSLevy/factom"
  packages = ["."]
  revision = "124dbc1da538ec6c60ee1cda6a4327d931e592fb"

[[projects]]
  branch = "master"
  name = "github.com/FactomProject/basen"
  packages = ["."]
  revision = "fe3947df716ebfda9847eb1b9a48f9592e06478c"

[[projects]]
  branch = "master"
  name = "github.com/FactomProject/btcutil"
  packages = ["base58"]
  revision = "43986820ccd50b2b02b83e575cb3a39c87457482"

[[projects]]
  branch = "master"
  name = "github.com/FactomProject/btcutilecc"
  packages = ["."]
  revision = "d3a63a5752ecf3fbc06bd97365da752111c263df"

[[projects]]
  branch = "master"
  name = "github.com/FactomProject/ed25519"
  packages = [
    ".",
    "edwards25519"
  ]
  revision = "38002c4fe7b609c2fa3144a3cc29b997b756bb4c"

[[projects]]
  branch = "master"
  name = "github.com/FactomProject/go-bip32"
  packages = ["."]
  revision = "3b593af1c415abc1017648e4eb24a88c32fee0f3"

[[projects]]
  branch = "master"
  name = "github.com/FactomProject/go-bip39"
  packages = ["."]
  revision = "d1007fb78d9a7ec65314dad412973e63caf4c527"

[[projects]]
  branch = "master"
  name = "github.com/FactomProject/go-bip44"
  packages = ["."]
  revision = "fd672f46ddc35bb381f497f7b64c9cf34f9e0703"

[[projects]]
  name = "github.com/FactomProject/go-simplejson"
  packages = ["."]
  revision = "aabad6e819789e569bd6aabf444c935aa9ba1e44"
  version = "v0.5.0"

[[projects]]
  branch = "master"
  name = "github.com/FactomProject/netki-go-partner-client"
  packages = ["."]
  revision = "426acb535e66cc2f9e6226ae254555e3572fd142"

[[projects]]
  branch = "master"
  name = "github.com/hashicorp/errwrap"
  packages = ["."]
  revision = "d6c0cd88035724dd42e0f335ae30161c20575ecc"

[[projects]]
  branch = "master"
  name = "github.com/hashicorp/go-multierror"
  packages = ["."]
  revision = "3d5d8f294aa03d8e98859feac328afbdf1ae0703"

[[projects]]
  name = "github.com/posener/complete"
  packages = [
    ".",
    "cmd",
    "cmd/install",
    "match"
  ]
  revision = "98eb9847f27ba2008d380a32c98be474dea55bdf"
  version = "v1.1.1"

[[projects]]
  branch = "master"
  name = "golang.org/x/crypto"
  packages = [
    "pbkdf2",
    "ripemd160"
  ]
  revision = "f792edd33d2c59a74c4d81e9b9a536e5301a8b83"

[solve-meta]
  analyzer-name = "dep"
  analyzer-version = 1
  inputs-digest = "2c42c564947a31150ad0ae86f2369e432688c9efe2b74ab0c095710718647449"
  solver-name = "gps-cdcl"
  solver-version = 1
